
Microsoft Visual Studio Solution File, Format Version 11.00
# Visual Studio 2010
Project("{FAE04EC0-301F-11D3-BF4B-00C04F79EFBC}") = "Base36Encoder", "Base36Encoder\Base36Encoder.csproj", "{6A19C604-3E47-4E53-ADFE-A1AFDE32BC99}"
EndProject
Project("{FAE04EC0-301F-11D3-BF4B-00C04F79EFBC}") = "Base36EncoderTests", "Base36EncoderTests\Base36EncoderTests.csproj", "{4C9A5E02-C755-4D7A-B4A4-EB901E5B7783}"
EndProject
Global
	GlobalSection(SolutionConfigurationPlatforms) = preSolution
		Debug|Any CPU = Debug|Any CPU
		Release|Any CPU = Release|Any CPU
	EndGlobalSection
	GlobalSection(ProjectConfigurationPlatforms) = postSolution
		{6A19C604-3E47-4E53-ADFE-A1AFDE32BC99}.Debug|Any CPU.ActiveCfg = Debug|Any CPU
		{6A19C604-3E47-4E53-ADFE-A1AFDE32BC99}.Debug|Any CPU.Build.0 = Debug|Any CPU
		{6A19C604-3E47-4E53-ADFE-A1AFDE32BC99}.Release|Any CPU.ActiveCfg = Release|Any CPU
		{6A19C604-3E47-4E53-ADFE-A1AFDE32BC99}.Release|Any CPU.Build.0 = Release|Any CPU
		{4C9A5E02-C755-4D7A-B4A4-EB901E5B7783}.Debug|Any CPU.ActiveCfg = Debug|Any CPU
		{4C9A5E02-C755-4D7A-B4A4-EB901E5B7783}.Debug|Any CPU.Build.0 = Debug|Any CPU
		{4C9A5E02-C755-4D7A-B4A4-EB901E5B7783}.Release|Any CPU.ActiveCfg = Release|Any CPU
	EndGlobalSection
	GlobalSection(SolutionProperties) = preSolution
		HideSolutionNode = FALSE
	EndGlobalSection
EndGlobal
